
Microsoft Visual Studio Solution File, Format Version 12.00
# Visual Studio 14
VisualStudioVersion = 14.0.23107.0
MinimumVisualStudioVersion = 10.0.40219.1
Project("{FAE04EC0-301F-11D3-BF4B-00C04F79EFBC}") = "RingBuffer", "RingBuffer\RingBuffer.csproj", "{96E6B0A3-A631-4BDD-A3AF-6818C98E6F86}"
EndProject
Project("{FAE04EC0-301F-11D3-BF4B-00C04F79EFBC}") = "RingBuffer.Tests", "RingBufferTests\RingBuffer.Tests.csproj", "{2D0A8627-B28A-45F2-8EB9-883B82B98506}"
EndProject
Global
	GlobalSection(SolutionConfigurationPlatforms) = preSolution
		Debug|Any CPU = Debug|Any CPU
		Release|Any CPU = Release|Any CPU
	EndGlobalSection
	GlobalSection(ProjectConfigurationPlatforms) = postSolution
		{96E6B0A3-A631-4BDD-A3AF-6818C98E6F86}.Debug|Any CPU.ActiveCfg = Debug|Any CPU
		{96E6B0A3-A631-4BDD-A3AF-6818C98E6F86}.Debug|Any CPU.Build.0 = Debug|Any CPU
		{96E6B0A3-A631-4BDD-A3AF-6818C98E6F86}.Release|Any CPU.ActiveCfg = Release|Any CPU
		{96E6B0A3-A631-4BDD-A3AF-6818C98E6F86}.Release|Any CPU.Build.0 = Release|Any CPU
		{2D0A8627-B28A-45F2-8EB9-883B82B98506}.Debug|Any CPU.ActiveCfg = Debug|Any CPU
		{2D0A8627-B28A-45F2-8EB9-883B82B98506}.Debug|Any CPU.Build.0 = Debug|Any CPU
		{2D0A8627-B28A-45F2-8EB9-883B82B98506}.Release|Any CPU.ActiveCfg = Release|Any CPU
		{2D0A8627-B28A-45F2-8EB9-883B82B98506}.Release|Any CPU.Build.0 = Release|Any CPU
	EndGlobalSection
	GlobalSection(SolutionProperties) = preSolution
		HideSolutionNode = FALSE
	EndGlobalSection
EndGlobal
